{
  "meteor": {},
  "dependencies": {
    "basePackages": {
      "sitemaps": {},
      "phantomjs": {}
    },
    "packages": {
      "sitemaps": {
        "git": "https://github.com/gadicohen/meteor-sitemaps.git",
        "tag": "v0.0.17",
        "commit": "9d31672fbf5395dacdf707da9746d50af7d6a567"
      },
      "phantomjs": {
        "git": "https://github.com/gadicohen/meteor-phantomjs.git",
        "tag": "v0.0.2",
        "commit": "a72eb79af068dd5d5d617ac71a42bd74e0cb52a4"
      },
      "robots-txt": {
        "git": "https://github.com/gadicohen/meteor-robots.txt.git",
        "tag": "v0.0.8",
        "commit": "dc1be195b8c0cf7d6263235484218911e1bf27d9"
      }
    }
  }
}
